
Microsoft Visual Studio Solution File, Format Version 12.00
# Visual Studio Version 17
VisualStudioVersion = 17.0.31903.59
MinimumVisualStudioVersion = 10.0.40219.1
Project("{2150E333-8FDC-42A3-9474-1A3956D46DE8}") = "src", "src", "{827E0CD3-B72D-47B6-A68D-7590B98EB39B}"
EndProject
Project("{FAE04EC0-301F-11D3-BF4B-00C04F79EFBC}") = "ApiGateway", "src\ApiGateway\ApiGateway.csproj", "{88A57BF7-956A-4E40-8CBF-9EA959DA5DA6}"
EndProject
Project("{2150E333-8FDC-42A3-9474-1A3956D46DE8}") = "Services", "Services", "{984BB9B3-3FA3-BE33-9484-CAC21695A33C}"
EndProject
Project("{2150E333-8FDC-42A3-9474-1A3956D46DE8}") = "IdentityService", "IdentityService", "{3D2E8631-8982-4CD8-85A8-437089729894}"
EndProject
Project("{FAE04EC0-301F-11D3-BF4B-00C04F79EFBC}") = "IdentityService.Application", "src\Services\IdentityService\IdentityService.Application\IdentityService.Application.csproj", "{A03D068E-5BF3-48CD-A301-887EAFD47BF3}"
EndProject
Project("{FAE04EC0-301F-11D3-BF4B-00C04F79EFBC}") = "IdentityService.Domain", "src\Services\IdentityService\IdentityService.Domain\IdentityService.Domain.csproj", "{A982AD6F-9AFE-48C6-A716-3DE7B92164FF}"
EndProject
Project("{FAE04EC0-301F-11D3-BF4B-00C04F79EFBC}") = "IdentityService.Infrastructure", "src\Services\IdentityService\IdentityService.Infrastructure\IdentityService.Infrastructure.csproj", "{958D4401-AE69-445A-8BC9-DDFD12CC3E79}"
EndProject
Project("{2150E333-8FDC-42A3-9474-1A3956D46DE8}") = "BuildingBlocks", "BuildingBlocks", "{90298CBA-BD6F-3A0A-69D5-97CAD7B05E7E}"
EndProject
Project("{FAE04EC0-301F-11D3-BF4B-00C04F79EFBC}") = "BuildingBlocks.Core", "src\BuildingBlocks\BuildingBlocks.Core\BuildingBlocks.Core.csproj", "{650181D6-6B21-41F0-9FBE-062F94787A36}"
EndProject
Project("{FAE04EC0-301F-11D3-BF4B-00C04F79EFBC}") = "IdentityService.Api", "src\Services\IdentityService\IdentityService.Api\IdentityService.Api.csproj", "{E7890889-C78B-4D23-97E4-EEE14D1518A5}"
EndProject
Project("{FAE04EC0-301F-11D3-BF4B-00C04F79EFBC}") = "BuildingBlocks.Messaging", "src\BuildingBlocks\BuildingBlocks.Messaging\BuildingBlocks.Messaging.csproj", "{7E9D555F-B316-41EC-B579-1C19E1531139}"
EndProject
Global
	GlobalSection(SolutionConfigurationPlatforms) = preSolution
		Debug|Any CPU = Debug|Any CPU
		Debug|x64 = Debug|x64
		Debug|x86 = Debug|x86
		Release|Any CPU = Release|Any CPU
		Release|x64 = Release|x64
		Release|x86 = Release|x86
	EndGlobalSection
	GlobalSection(ProjectConfigurationPlatforms) = postSolution
		{88A57BF7-956A-4E40-8CBF-9EA959DA5DA6}.Debug|Any CPU.ActiveCfg = Debug|Any CPU
		{88A57BF7-956A-4E40-8CBF-9EA959DA5DA6}.Debug|Any CPU.Build.0 = Debug|Any CPU
		{88A57BF7-956A-4E40-8CBF-9EA959DA5DA6}.Debug|x64.ActiveCfg = Debug|Any CPU
		{88A57BF7-956A-4E40-8CBF-9EA959DA5DA6}.Debug|x64.Build.0 = Debug|Any CPU
		{88A57BF7-956A-4E40-8CBF-9EA959DA5DA6}.Debug|x86.ActiveCfg = Debug|Any CPU
		{88A57BF7-956A-4E40-8CBF-9EA959DA5DA6}.Debug|x86.Build.0 = Debug|Any CPU
		{88A57BF7-956A-4E40-8CBF-9EA959DA5DA6}.Release|Any CPU.ActiveCfg = Release|Any CPU
		{88A57BF7-956A-4E40-8CBF-9EA959DA5DA6}.Release|Any CPU.Build.0 = Release|Any CPU
		{88A57BF7-956A-4E40-8CBF-9EA959DA5DA6}.Release|x64.ActiveCfg = Release|Any CPU
		{88A57BF7-956A-4E40-8CBF-9EA959DA5DA6}.Release|x64.Build.0 = Release|Any CPU
		{88A57BF7-956A-4E40-8CBF-9EA959DA5DA6}.Release|x86.ActiveCfg = Release|Any CPU
		{88A57BF7-956A-4E40-8CBF-9EA959DA5DA6}.Release|x86.Build.0 = Release|Any CPU
		{A03D068E-5BF3-48CD-A301-887EAFD47BF3}.Debug|Any CPU.ActiveCfg = Debug|Any CPU
		{A03D068E-5BF3-48CD-A301-887EAFD47BF3}.Debug|Any CPU.Build.0 = Debug|Any CPU
		{A03D068E-5BF3-48CD-A301-887EAFD47BF3}.Debug|x64.ActiveCfg = Debug|Any CPU
		{A03D068E-5BF3-48CD-A301-887EAFD47BF3}.Debug|x64.Build.0 = Debug|Any CPU
		{A03D068E-5BF3-48CD-A301-887EAFD47BF3}.Debug|x86.ActiveCfg = Debug|Any CPU
		{A03D068E-5BF3-48CD-A301-887EAFD47BF3}.Debug|x86.Build.0 = Debug|Any CPU
		{A03D068E-5BF3-48CD-A301-887EAFD47BF3}.Release|Any CPU.ActiveCfg = Release|Any CPU
		{A03D068E-5BF3-48CD-A301-887EAFD47BF3}.Release|Any CPU.Build.0 = Release|Any CPU
		{A03D068E-5BF3-48CD-A301-887EAFD47BF3}.Release|x64.ActiveCfg = Release|Any CPU
		{A03D068E-5BF3-48CD-A301-887EAFD47BF3}.Release|x64.Build.0 = Release|Any CPU
		{A03D068E-5BF3-48CD-A301-887EAFD47BF3}.Release|x86.ActiveCfg = Release|Any CPU
		{A03D068E-5BF3-48CD-A301-887EAFD47BF3}.Release|x86.Build.0 = Release|Any CPU
		{A982AD6F-9AFE-48C6-A716-3DE7B92164FF}.Debug|Any CPU.ActiveCfg = Debug|Any CPU
		{A982AD6F-9AFE-48C6-A716-3DE7B92164FF}.Debug|Any CPU.Build.0 = Debug|Any CPU
		{A982AD6F-9AFE-48C6-A716-3DE7B92164FF}.Debug|x64.ActiveCfg = Debug|Any CPU
		{A982AD6F-9AFE-48C6-A716-3DE7B92164FF}.Debug|x64.Build.0 = Debug|Any CPU
		{A982AD6F-9AFE-48C6-A716-3DE7B92164FF}.Debug|x86.ActiveCfg = Debug|Any CPU
		{A982AD6F-9AFE-48C6-A716-3DE7B92164FF}.Debug|x86.Build.0 = Debug|Any CPU
		{A982AD6F-9AFE-48C6-A716-3DE7B92164FF}.Release|Any CPU.ActiveCfg = Release|Any CPU
		{A982AD6F-9AFE-48C6-A716-3DE7B92164FF}.Release|Any CPU.Build.0 = Release|Any CPU
		{A982AD6F-9AFE-48C6-A716-3DE7B92164FF}.Release|x64.ActiveCfg = Release|Any CPU
		{A982AD6F-9AFE-48C6-A716-3DE7B92164FF}.Release|x64.Build.0 = Release|Any CPU
		{A982AD6F-9AFE-48C6-A716-3DE7B92164FF}.Release|x86.ActiveCfg = Release|Any CPU
		{A982AD6F-9AFE-48C6-A716-3DE7B92164FF}.Release|x86.Build.0 = Release|Any CPU
		{958D4401-AE69-445A-8BC9-DDFD12CC3E79}.Debug|Any CPU.ActiveCfg = Debug|Any CPU
		{958D4401-AE69-445A-8BC9-DDFD12CC3E79}.Debug|Any CPU.Build.0 = Debug|Any CPU
		{958D4401-AE69-445A-8BC9-DDFD12CC3E79}.Debug|x64.ActiveCfg = Debug|Any CPU
		{958D4401-AE69-445A-8BC9-DDFD12CC3E79}.Debug|x64.Build.0 = Debug|Any CPU
		{958D4401-AE69-445A-8BC9-DDFD12CC3E79}.Debug|x86.ActiveCfg = Debug|Any CPU
		{958D4401-AE69-445A-8BC9-DDFD12CC3E79}.Debug|x86.Build.0 = Debug|Any CPU
		{958D4401-AE69-445A-8BC9-DDFD12CC3E79}.Release|Any CPU.ActiveCfg = Release|Any CPU
		{958D4401-AE69-445A-8BC9-DDFD12CC3E79}.Release|Any CPU.Build.0 = Release|Any CPU
		{958D4401-AE69-445A-8BC9-DDFD12CC3E79}.Release|x64.ActiveCfg = Release|Any CPU
		{958D4401-AE69-445A-8BC9-DDFD12CC3E79}.Release|x64.Build.0 = Release|Any CPU
		{958D4401-AE69-445A-8BC9-DDFD12CC3E79}.Release|x86.ActiveCfg = Release|Any CPU
		{958D4401-AE69-445A-8BC9-DDFD12CC3E79}.Release|x86.Build.0 = Release|Any CPU
		{650181D6-6B21-41F0-9FBE-062F94787A36}.Debug|Any CPU.ActiveCfg = Debug|Any CPU
		{650181D6-6B21-41F0-9FBE-062F94787A36}.Debug|Any CPU.Build.0 = Debug|Any CPU
		{650181D6-6B21-41F0-9FBE-062F94787A36}.Debug|x64.ActiveCfg = Debug|Any CPU
		{650181D6-6B21-41F0-9FBE-062F94787A36}.Debug|x64.Build.0 = Debug|Any CPU
		{650181D6-6B21-41F0-9FBE-062F94787A36}.Debug|x86.ActiveCfg = Debug|Any CPU
		{650181D6-6B21-41F0-9FBE-062F94787A36}.Debug|x86.Build.0 = Debug|Any CPU
		{650181D6-6B21-41F0-9FBE-062F94787A36}.Release|Any CPU.ActiveCfg = Release|Any CPU
		{650181D6-6B21-41F0-9FBE-062F94787A36}.Release|Any CPU.Build.0 = Release|Any CPU
		{650181D6-6B21-41F0-9FBE-062F94787A36}.Release|x64.ActiveCfg = Release|Any CPU
		{650181D6-6B21-41F0-9FBE-062F94787A36}.Release|x64.Build.0 = Release|Any CPU
		{650181D6-6B21-41F0-9FBE-062F94787A36}.Release|x86.ActiveCfg = Release|Any CPU
		{650181D6-6B21-41F0-9FBE-062F94787A36}.Release|x86.Build.0 = Release|Any CPU
		{E7890889-C78B-4D23-97E4-EEE14D1518A5}.Debug|Any CPU.ActiveCfg = Debug|Any CPU
		{E7890889-C78B-4D23-97E4-EEE14D1518A5}.Debug|Any CPU.Build.0 = Debug|Any CPU
		{E7890889-C78B-4D23-97E4-EEE14D1518A5}.Debug|x64.ActiveCfg = Debug|Any CPU
		{E7890889-C78B-4D23-97E4-EEE14D1518A5}.Debug|x64.Build.0 = Debug|Any CPU
		{E7890889-C78B-4D23-97E4-EEE14D1518A5}.Debug|x86.ActiveCfg = Debug|Any CPU
		{E7890889-C78B-4D23-97E4-EEE14D1518A5}.Debug|x86.Build.0 = Debug|Any CPU
		{E7890889-C78B-4D23-97E4-EEE14D1518A5}.Release|Any CPU.ActiveCfg = Release|Any CPU
		{E7890889-C78B-4D23-97E4-EEE14D1518A5}.Release|Any CPU.Build.0 = Release|Any CPU
		{E7890889-C78B-4D23-97E4-EEE14D1518A5}.Release|x64.ActiveCfg = Release|Any CPU
		{E7890889-C78B-4D23-97E4-EEE14D1518A5}.Release|x64.Build.0 = Release|Any CPU
		{E7890889-C78B-4D23-97E4-EEE14D1518A5}.Release|x86.ActiveCfg = Release|Any CPU
		{E7890889-C78B-4D23-97E4-EEE14D1518A5}.Release|x86.Build.0 = Release|Any CPU
		{7E9D555F-B316-41EC-B579-1C19E1531139}.Debug|Any CPU.ActiveCfg = Debug|Any CPU
		{7E9D555F-B316-41EC-B579-1C19E1531139}.Debug|Any CPU.Build.0 = Debug|Any CPU
		{7E9D555F-B316-41EC-B579-1C19E1531139}.Debug|x64.ActiveCfg = Debug|Any CPU
		{7E9D555F-B316-41EC-B579-1C19E1531139}.Debug|x64.Build.0 = Debug|Any CPU
		{7E9D555F-B316-41EC-B579-1C19E1531139}.Debug|x86.ActiveCfg = Debug|Any CPU
		{7E9D555F-B316-41EC-B579-1C19E1531139}.Debug|x86.Build.0 = Debug|Any CPU
		{7E9D555F-B316-41EC-B579-1C19E1531139}.Release|Any CPU.ActiveCfg = Release|Any CPU
		{7E9D555F-B316-41EC-B579-1C19E1531139}.Release|Any CPU.Build.0 = Release|Any CPU
		{7E9D555F-B316-41EC-B579-1C19E1531139}.Release|x64.ActiveCfg = Release|Any CPU
		{7E9D555F-B316-41EC-B579-1C19E1531139}.Release|x64.Build.0 = Release|Any CPU
		{7E9D555F-B316-41EC-B579-1C19E1531139}.Release|x86.ActiveCfg = Release|Any CPU
		{7E9D555F-B316-41EC-B579-1C19E1531139}.Release|x86.Build.0 = Release|Any CPU
	EndGlobalSection
	GlobalSection(SolutionProperties) = preSolution
		HideSolutionNode = FALSE
	EndGlobalSection
	GlobalSection(NestedProjects) = preSolution
		{88A57BF7-956A-4E40-8CBF-9EA959DA5DA6} = {827E0CD3-B72D-47B6-A68D-7590B98EB39B}
		{984BB9B3-3FA3-BE33-9484-CAC21695A33C} = {827E0CD3-B72D-47B6-A68D-7590B98EB39B}
		{3D2E8631-8982-4CD8-85A8-437089729894} = {984BB9B3-3FA3-BE33-9484-CAC21695A33C}
		{A03D068E-5BF3-48CD-A301-887EAFD47BF3} = {3D2E8631-8982-4CD8-85A8-437089729894}
		{A982AD6F-9AFE-48C6-A716-3DE7B92164FF} = {3D2E8631-8982-4CD8-85A8-437089729894}
		{958D4401-AE69-445A-8BC9-DDFD12CC3E79} = {3D2E8631-8982-4CD8-85A8-437089729894}
		{90298CBA-BD6F-3A0A-69D5-97CAD7B05E7E} = {827E0CD3-B72D-47B6-A68D-7590B98EB39B}
		{650181D6-6B21-41F0-9FBE-062F94787A36} = {90298CBA-BD6F-3A0A-69D5-97CAD7B05E7E}
		{E7890889-C78B-4D23-97E4-EEE14D1518A5} = {3D2E8631-8982-4CD8-85A8-437089729894}
		{7E9D555F-B316-41EC-B579-1C19E1531139} = {90298CBA-BD6F-3A0A-69D5-97CAD7B05E7E}
	EndGlobalSection
EndGlobal
